// !$*UTF8*$!
{
	archiveVersion = 1;
	classes = {
	};
	objectVersion = 46;
	objects = {

/* Begin PBXBuildFile section */
		7E5358BF1C48878200429A75 /* AppDelegate.m in Sources */ = {isa = PBXBuildFile; fileRef = 7E5358BE1C48878200429A75 /* AppDelegate.m */; };
		7E5358C21C48878200429A75 /* main.m in Sources */ = {isa = PBXBuildFile; fileRef = 7E5358C11C48878200429A75 /* main.m */; };
		7E5358C41C48878200429A75 /* Assets.xcassets in Resources */ = {isa = PBXBuildFile; fileRef = 7E5358C31C48878200429A75 /* Assets.xcassets */; };
		7E5358C71C48878200429A75 /* MainMenu.xib in Resources */ = {isa = PBXBuildFile; fileRef = 7E5358C51C48878200429A75 /* MainMenu.xib */; };
		7E5358D01C488B9000429A75 /* HRModelUtil.m in Sources */ = {isa = PBXBuildFile; fileRef = 7E5358CF1C488B9000429A75 /* HRModelUtil.m */; };
		7E5358D31C489B6500429A75 /* HRBaseModel.m in Sources */ = {isa = PBXBuildFile; fileRef = 7E5358D21C489B6500429A75 /* HRBaseModel.m */; };
		7E5358D61C4BC78700429A75 /* HRApiClient.m in Sources */ = {isa = PBXBuildFile; fileRef = 7E5358D51C4BC78700429A75 /* HRApiClient.m */; };
		7EF061681C5DDE0F00D5CE28 /* HRImageDealView.m in Sources */ = {isa = PBXBuildFile; fileRef = 7EF061671C5DDE0F00D5CE28 /* HRImageDealView.m */; };
		7EF0616B1C5DE34100D5CE28 /* HRHistoryManager.m in Sources */ = {isa = PBXBuildFile; fileRef = 7EF0616A1C5DE34100D5CE28 /* HRHistoryManager.m */; };
		ECE88DBC8F1B9509EEEB338B /* libPods-HRJSONModelClassMaker.a in Frameworks */ = {isa = PBXBuildFile; fileRef = 02EF14BFA160CCE6E05AFC6E /* libPods-HRJSONModelClassMaker.a */; };
/* End PBXBuildFile section */

/* Begin PBXFileReference section */
		02EF14BFA160CCE6E05AFC6E /* libPods-HRJSONModelClassMaker.a */ = {isa = PBXFileReference; explicitFileType = archive.ar; includeInIndex = 0; path = "libPods-HRJSONModelClassMaker.a"; sourceTree = BUILT_PRODUCTS_DIR; };
		58858BB2FCB9538174CE4FD8 /* Pods-HRJSONModelClassMaker.debug.xcconfig */ = {isa = PBXFileReference; includeInIndex = 1; lastKnownFileType = text.xcconfig; name = "Pods-HRJSONModelClassMaker.debug.xcconfig"; path = "Pods/Target Support Files/Pods-HRJSONModelClassMaker/Pods-HRJSONModelClassMaker.debug.xcconfig"; sourceTree = "<group>"; };
		7E1FEC991C4DDD40001F6BC0 /* HRJSONModelClassMaker.entitlements */ = {isa = PBXFileReference; lastKnownFileType = text.xml; path = HRJSONModelClassMaker.entitlements; sourceTree = "<group>"; };
		7E5358BA1C48878200429A75 /* Request-Class.app */ = {isa = PBXFileReference; explicitFileType = wrapper.application; includeInIndex = 0; path = "Request-Class.app"; sourceTree = BUILT_PRODUCTS_DIR; };
		7E5358BD1C48878200429A75 /* AppDelegate.h */ = {isa = PBXFileReference; lastKnownFileType = sourcecode.c.h; path = AppDelegate.h; sourceTree = "<group>"; };
		7E5358BE1C48878200429A75 /* AppDelegate.m */ = {isa = PBXFileReference; lastKnownFileType = sourcecode.c.objc; path = AppDelegate.m; sourceTree = "<group>"; };
		7E5358C11C48878200429A75 /* main.m */ = {isa = PBXFileReference; lastKnownFileType = sourcecode.c.objc; path = main.m; sourceTree = "<group>"; };
		7E5358C31C48878200429A75 /* Assets.xcassets */ = {isa = PBXFileReference; lastKnownFileType = folder.assetcatalog; path = Assets.xcassets; sourceTree = "<group>"; };
		7E5358C61C48878200429A75 /* Base */ = {isa = PBXFileReference; lastKnownFileType = file.xib; name = Base; path = Base.lproj/MainMenu.xib; sourceTree = "<group>"; };
		7E5358C81C48878200429A75 /* Info.plist */ = {isa = PBXFileReference; lastKnownFileType = text.plist.xml; path = Info.plist; sourceTree = "<group>"; };
		7E5358CE1C488B9000429A75 /* HRModelUtil.h */ = {isa = PBXFileReference; fileEncoding = 4; lastKnownFileType = sourcecode.c.h; path = HRModelUtil.h; sourceTree = "<group>"; };
		7E5358CF1C488B9000429A75 /* HRModelUtil.m */ = {isa = PBXFileReference; fileEncoding = 4; lastKnownFileType = sourcecode.c.objc; path = HRModelUtil.m; sourceTree = "<group>"; };
		7E5358D11C489B6500429A75 /* HRBaseModel.h */ = {isa = PBXFileReference; fileEncoding = 4; lastKnownFileType = sourcecode.c.h; path = HRBaseModel.h; sourceTree = "<group>"; };
		7E5358D21C489B6500429A75 /* HRBaseModel.m */ = {isa = PBXFileReference; fileEncoding = 4; lastKnownFileType = sourcecode.c.objc; path = HRBaseModel.m; sourceTree = "<group>"; };
		7E5358D41C4BC78700429A75 /* HRApiClient.h */ = {isa = PBXFileReference; fileEncoding = 4; lastKnownFileType = sourcecode.c.h; path = HRApiClient.h; sourceTree = "<group>"; };
		7E5358D51C4BC78700429A75 /* HRApiClient.m */ = {isa = PBXFileReference; fileEncoding = 4; lastKnownFileType = sourcecode.c.objc; path = HRApiClient.m; sourceTree = "<group>"; };
		7EF061661C5DDE0F00D5CE28 /* HRImageDealView.h */ = {isa = PBXFileReference; fileEncoding = 4; lastKnownFileType = sourcecode.c.h; path = HRImageDealView.h; sourceTree = "<group>"; };
		7EF061671C5DDE0F00D5CE28 /* HRImageDealView.m */ = {isa = PBXFileReference; fileEncoding = 4; lastKnownFileType = sourcecode.c.objc; path = HRImageDealView.m; sourceTree = "<group>"; };
		7EF061691C5DE34100D5CE28 /* HRHistoryManager.h */ = {isa = PBXFileReference; fileEncoding = 4; lastKnownFileType = sourcecode.c.h; path = HRHistoryManager.h; sourceTree = "<group>"; };
		7EF0616A1C5DE34100D5CE28 /* HRHistoryManager.m */ = {isa = PBXFileReference; fileEncoding = 4; lastKnownFileType = sourcecode.c.objc; path = HRHistoryManager.m; sourceTree = "<group>"; };
		8943798348841D1377529348 /* Pods-HRJSONModelClassMaker.release.xcconfig */ = {isa = PBXFileReference; includeInIndex = 1; lastKnownFileType = text.xcconfig; name = "Pods-HRJSONModelClassMaker.release.xcconfig"; path = "Pods/Target Support Files/Pods-HRJSONModelClassMaker/Pods-HRJSONModelClassMaker.release.xcconfig"; sourceTree = "<group>"; };
/* End PBXFileReference section */

/* Begin PBXFrameworksBuildPhase section */
		7E5358B71C48878200429A75 /* Frameworks */ = {
			isa = PBXFrameworksBuildPhase;
			buildActionMask = 2147483647;
			files = (
				ECE88DBC8F1B9509EEEB338B /* libPods-HRJSONModelClassMaker.a in Frameworks */,
			);
			runOnlyForDeploymentPostprocessing = 0;
		};
/* End PBXFrameworksBuildPhase section */

/* Begin PBXGroup section */
		2C6A0CC2D9DE1AF1F39A935B /* Pods */ = {
			isa = PBXGroup;
			children = (
				58858BB2FCB9538174CE4FD8 /* Pods-HRJSONModelClassMaker.debug.xcconfig */,
				8943798348841D1377529348 /* Pods-HRJSONModelClassMaker.release.xcconfig */,
			);
			name = Pods;
			sourceTree = "<group>";
		};
		7E5358B11C48878200429A75 = {
			isa = PBXGroup;
			children = (
				7E5358BC1C48878200429A75 /* HRJSONModelClassMaker */,
				7E5358BB1C48878200429A75 /* Products */,
				2C6A0CC2D9DE1AF1F39A935B /* Pods */,
				EAD090164BEFAB51B9D803CD /* Frameworks */,
			);
			sourceTree = "<group>";
		};
		7E5358BB1C48878200429A75 /* Products */ = {
			isa = PBXGroup;
			children = (
				7E5358BA1C48878200429A75 /* Request-Class.app */,
			);
			name = Products;
			sourceTree = "<group>";
		};
		7E5358BC1C48878200429A75 /* HRJSONModelClassMaker */ = {
			isa = PBXGroup;
			children = (
				7E1FEC991C4DDD40001F6BC0 /* HRJSONModelClassMaker.entitlements */,
				7E5358D41C4BC78700429A75 /* HRApiClient.h */,
				7E5358D51C4BC78700429A75 /* HRApiClient.m */,
				7E5358BD1C48878200429A75 /* AppDelegate.h */,
				7E5358BE1C48878200429A75 /* AppDelegate.m */,
				7E5358C31C48878200429A75 /* Assets.xcassets */,
				7E5358C51C48878200429A75 /* MainMenu.xib */,
				7E5358C81C48878200429A75 /* Info.plist */,
				7E5358C01C48878200429A75 /* Supporting Files */,
				7E5358CE1C488B9000429A75 /* HRModelUtil.h */,
				7E5358CF1C488B9000429A75 /* HRModelUtil.m */,
				7E5358D11C489B6500429A75 /* HRBaseModel.h */,
				7E5358D21C489B6500429A75 /* HRBaseModel.m */,
				7EF061661C5DDE0F00D5CE28 /* HRImageDealView.h */,
				7EF061671C5DDE0F00D5CE28 /* HRImageDealView.m */,
				7EF061691C5DE34100D5CE28 /* HRHistoryManager.h */,
				7EF0616A1C5DE34100D5CE28 /* HRHistoryManager.m */,
			);
			path = HRJSONModelClassMaker;
			sourceTree = "<group>";
		};
		7E5358C01C48878200429A75 /* Supporting Files */ = {
			isa = PBXGroup;
			children = (
				7E5358C11C48878200429A75 /* main.m */,
			);
			name = "Supporting Files";
			sourceTree = "<group>";
		};
		EAD090164BEFAB51B9D803CD /* Frameworks */ = {
			isa = PBXGroup;
			children = (
				02EF14BFA160CCE6E05AFC6E /* libPods-HRJSONModelClassMaker.a */,
			);
			name = Frameworks;
			sourceTree = "<group>";
		};
/* End PBXGroup section */

/* Begin PBXNativeTarget section */
		7E5358B91C48878200429A75 /* HRJSONModelClassMaker */ = {
			isa = PBXNativeTarget;
			buildConfigurationList = 7E5358CB1C48878200429A75 /* Build configuration list for PBXNativeTarget "HRJSONModelClassMaker" */;
			buildPhases = (
				7C209CD8A04006A3AE4004FD /* Check Pods Manifest.lock */,
				7E5358B61C48878200429A75 /* Sources */,
				7E5358B71C48878200429A75 /* Frameworks */,
				7E5358B81C48878200429A75 /* Resources */,
				AE7FDA15C7F76D0CADE2FA67 /* Copy Pods Resources */,
				12E62EE06DAD58D9AFF2236B /* Embed Pods Frameworks */,
			);
			buildRules = (
			);
			dependencies = (
			);
			name = HRJSONModelClassMaker;
			productName = HRJSONModelClassMaker;
			productReference = 7E5358BA1C48878200429A75 /* Request-Class.app */;
			productType = "com.apple.product-type.application";
		};
/* End PBXNativeTarget section */

/* Begin PBXProject section */
		7E5358B21C48878200429A75 /* Project object */ = {
			isa = PBXProject;
			attributes = {
				LastUpgradeCheck = 0720;
				ORGANIZATIONNAME = ZhangHeng;
				TargetAttributes = {
					7E5358B91C48878200429A75 = {
						CreatedOnToolsVersion = 7.2;
						DevelopmentTeam = SAC6AX5977;
						SystemCapabilities = {
							com.apple.Sandbox = {
								enabled = 1;
							};
						};
					};
				};
			};
			buildConfigurationList = 7E5358B51C48878200429A75 /* Build configuration list for PBXProject "HRJSONModelClassMaker" */;
			compatibilityVersion = "Xcode 3.2";
			developmentRegion = English;
			hasScannedForEncodings = 0;
			knownRegions = (
				en,
				Base,
			);
			mainGroup = 7E5358B11C48878200429A75;
			productRefGroup = 7E5358BB1C48878200429A75 /* Products */;
			projectDirPath = "";
			projectRoot = "";
			targets = (
				7E5358B91C48878200429A75 /* HRJSONModelClassMaker */,
			);
		};
/* End PBXProject section */

/* Begin PBXResourcesBuildPhase section */
		7E5358B81C48878200429A75 /* Resources */ = {
			isa = PBXResourcesBuildPhase;
			buildActionMask = 2147483647;
			files = (
				7E5358C41C48878200429A75 /* Assets.xcassets in Resources */,
				7E5358C71C48878200429A75 /* MainMenu.xib in Resources */,
			);
			runOnlyForDeploymentPostprocessing = 0;
		};
/* End PBXResourcesBuildPhase section */

/* Begin PBXShellScriptBuildPhase section */
		12E62EE06DAD58D9AFF2236B /* Embed Pods Frameworks */ = {
			isa = PBXShellScriptBuildPhase;
			buildActionMask = 2147483647;
			files = (
			);
			inputPaths = (
			);
			name = "Embed Pods Frameworks";
			outputPaths = (
			);
			runOnlyForDeploymentPostprocessing = 0;
			shellPath = /bin/sh;
			shellScript = "\"${SRCROOT}/Pods/Target Support Files/Pods-HRJSONModelClassMaker/Pods-HRJSONModelClassMaker-frameworks.sh\"\n";
			showEnvVarsInLog = 0;
		};
		7C209CD8A04006A3AE4004FD /* Check Pods Manifest.lock */ = {
			isa = PBXShellScriptBuildPhase;
			buildActionMask = 2147483647;
			files = (
			);
			inputPaths = (
			);
			name = "Check Pods Manifest.lock";
			outputPaths = (
			);
			runOnlyForDeploymentPostprocessing = 0;
			shellPath = /bin/sh;
			shellScript = "diff \"${PODS_ROOT}/../Podfile.lock\" \"${PODS_ROOT}/Manifest.lock\" > /dev/null\nif [[ $? != 0 ]] ; then\n    cat << EOM\nerror: The sandbox is not in sync with the Podfile.lock. Run 'pod install' or update your CocoaPods installation.\nEOM\n    exit 1\nfi\n";
			showEnvVarsInLog = 0;
		};
		AE7FDA15C7F76D0CADE2FA67 /* Copy Pods Resources */ = {
			isa = PBXShellScriptBuildPhase;
			buildActionMask = 2147483647;
			files = (
			);
			inputPaths = (
			);
			name = "Copy Pods Resources";
			outputPaths = (
			);
			runOnlyForDeploymentPostprocessing = 0;
			shellPath = /bin/sh;
			shellScript = "\"${SRCROOT}/Pods/Target Support Files/Pods-HRJSONModelClassMaker/Pods-HRJSONModelClassMaker-resources.sh\"\n";
			showEnvVarsInLog = 0;
		};
/* End PBXShellScriptBuildPhase section */

/* Begin PBXSourcesBuildPhase section */
		7E5358B61C48878200429A75 /* Sources */ = {
			isa = PBXSourcesBuildPhase;
			buildActionMask = 2147483647;
			files = (
				7E5358C21C48878200429A75 /* main.m in Sources */,
				7E5358D61C4BC78700429A75 /* HRApiClient.m in Sources */,
				7EF061681C5DDE0F00D5CE28 /* HRImageDealView.m in Sources */,
				7E5358BF1C48878200429A75 /* AppDelegate.m in Sources */,
				7E5358D31C489B6500429A75 /* HRBaseModel.m in Sources */,
				7EF0616B1C5DE34100D5CE28 /* HRHistoryManager.m in Sources */,
				7E5358D01C488B9000429A75 /* HRModelUtil.m in Sources */,
			);
			runOnlyForDeploymentPostprocessing = 0;
		};
/* End PBXSourcesBuildPhase section */

/* Begin PBXVariantGroup section */
		7E5358C51C48878200429A75 /* MainMenu.xib */ = {
			isa = PBXVariantGroup;
			children = (
				7E5358C61C48878200429A75 /* Base */,
			);
			name = MainMenu.xib;
			sourceTree = "<group>";
		};
/* End PBXVariantGroup section */

/* Begin XCBuildConfiguration section */
		7E5358C91C48878200429A75 /* Debug */ = {
			isa = XCBuildConfiguration;
			buildSettings = {
				ALWAYS_SEARCH_USER_PATHS = NO;
				CLANG_CXX_LANGUAGE_STANDARD = "gnu++0x";
				CLANG_CXX_LIBRARY = "libc++";
				CLANG_ENABLE_MODULES = YES;
				CLANG_ENABLE_OBJC_ARC = YES;
				CLANG_WARN_BOOL_CONVERSION = YES;
				CLANG_WARN_CONSTANT_CONVERSION = YES;
				CLANG_WARN_DIRECT_OBJC_ISA_USAGE = YES_ERROR;
				CLANG_WARN_EMPTY_BODY = YES;
				CLANG_WARN_ENUM_CONVERSION = YES;
				CLANG_WARN_INT_CONVERSION = YES;
				CLANG_WARN_OBJC_ROOT_CLASS = YES_ERROR;
				CLANG_WARN_UNREACHABLE_CODE = YES;
				CLANG_WARN__DUPLICATE_METHOD_MATCH = YES;
				CODE_SIGN_IDENTITY = "-";
				COPY_PHASE_STRIP = NO;
				DEBUG_INFORMATION_FORMAT = dwarf;
				ENABLE_STRICT_OBJC_MSGSEND = YES;
				ENABLE_TESTABILITY = YES;
				GCC_C_LANGUAGE_STANDARD = gnu99;
				GCC_DYNAMIC_NO_PIC = NO;
				GCC_NO_COMMON_BLOCKS = YES;
				GCC_OPTIMIZATION_LEVEL = 0;
				GCC_PREPROCESSOR_DEFINITIONS = (
					"DEBUG=1",
					"$(inherited)",
				);
				GCC_WARN_64_TO_32_BIT_CONVERSION = YES;
				GCC_WARN_ABOUT_RETURN_TYPE = YES_ERROR;
				GCC_WARN_UNDECLARED_SELECTOR = YES;
				GCC_WARN_UNINITIALIZED_AUTOS = YES_AGGRESSIVE;
				GCC_WARN_UNUSED_FUNCTION = YES;
				GCC_WARN_UNUSED_VARIABLE = YES;
				MACOSX_DEPLOYMENT_TARGET = 10.8;
				MTL_ENABLE_DEBUG_INFO = YES;
				ONLY_ACTIVE_ARCH = YES;
				SDKROOT = macosx;
			};
			name = Debug;
		};
		7E5358CA1C48878200429A75 /* Release */ = {
			isa = XCBuildConfiguration;
			buildSettings = {
				ALWAYS_SEARCH_USER_PATHS = NO;
				CLANG_CXX_LANGUAGE_STANDARD = "gnu++0x";
				CLANG_CXX_LIBRARY = "libc++";
				CLANG_ENABLE_MODULES = YES;
				CLANG_ENABLE_OBJC_ARC = YES;
				CLANG_WARN_BOOL_CONVERSION = YES;
				CLANG_WARN_CONSTANT_CONVERSION = YES;
				CLANG_WARN_DIRECT_OBJC_ISA_USAGE = YES_ERROR;
				CLANG_WARN_EMPTY_BODY = YES;
				CLANG_WARN_ENUM_CONVERSION = YES;
				CLANG_WARN_INT_CONVERSION = YES;
				CLANG_WARN_OBJC_ROOT_CLASS = YES_ERROR;
				CLANG_WARN_UNREACHABLE_CODE = YES;
				CLANG_WARN__DUPLICATE_METHOD_MATCH = YES;
				CODE_SIGN_IDENTITY = "-";
				COPY_PHASE_STRIP = NO;
				DEBUG_INFORMATION_FORMAT = "dwarf-with-dsym";
				ENABLE_NS_ASSERTIONS = NO;
				ENABLE_STRICT_OBJC_MSGSEND = YES;
				GCC_C_LANGUAGE_STANDARD = gnu99;
				GCC_NO_COMMON_BLOCKS = YES;
				GCC_WARN_64_TO_32_BIT_CONVERSION = YES;
				GCC_WARN_ABOUT_RETURN_TYPE = YES_ERROR;
				GCC_WARN_UNDECLARED_SELECTOR = YES;
				GCC_WARN_UNINITIALIZED_AUTOS = YES_AGGRESSIVE;
				GCC_WARN_UNUSED_FUNCTION = YES;
				GCC_WARN_UNUSED_VARIABLE = YES;
				MACOSX_DEPLOYMENT_TARGET = 10.8;
				MTL_ENABLE_DEBUG_INFO = NO;
				SDKROOT = macosx;
			};
			name = Release;
		};
		7E5358CC1C48878200429A75 /* Debug */ = {
			isa = XCBuildConfiguration;
			baseConfigurationReference = 58858BB2FCB9538174CE4FD8 /* Pods-HRJSONModelClassMaker.debug.xcconfig */;
			buildSettings = {
				ASSETCATALOG_COMPILER_APPICON_NAME = AppIcon;
				CODE_SIGN_ENTITLEMENTS = HRJSONModelClassMaker/HRJSONModelClassMaker.entitlements;
				CODE_SIGN_IDENTITY = "Mac Developer: Heng Zhang (8J3VZPVG3U)";
				"CODE_SIGN_IDENTITY[sdk=macosx*]" = "Mac Developer: Heng Zhang (8J3VZPVG3U)";
				COMBINE_HIDPI_IMAGES = YES;
				INFOPLIST_FILE = HRJSONModelClassMaker/Info.plist;
				LD_RUNPATH_SEARCH_PATHS = "$(inherited) @executable_path/../Frameworks";
				MACOSX_DEPLOYMENT_TARGET = 10.11;
				PRODUCT_BUNDLE_IDENTIFIER = com.ipermanent.classmaker;
				PRODUCT_NAME = "Request-Class";
				PROVISIONING_PROFILE = "ea259798-8a26-4c48-8062-78c666f79a91";
			};
			name = Debug;
		};
		7E5358CD1C48878200429A75 /* Release */ = {
			isa = XCBuildConfiguration;
			baseConfigurationReference = 8943798348841D1377529348 /* Pods-HRJSONModelClassMaker.release.xcconfig */;
			buildSettings = {
				ASSETCATALOG_COMPILER_APPICON_NAME = AppIcon;
				CODE_SIGN_ENTITLEMENTS = HRJSONModelClassMaker/HRJSONModelClassMaker.entitlements;
				CODE_SIGN_IDENTITY = "3rd Party Mac Developer Application: Heng Zhang (4BKH4N4V2S)";
				"CODE_SIGN_IDENTITY[sdk=macosx*]" = "3rd Party Mac Developer Application: Heng Zhang (4BKH4N4V2S)";
				COMBINE_HIDPI_IMAGES = YES;
				INFOPLIST_FILE = HRJSONModelClassMaker/Info.plist;
				LD_RUNPATH_SEARCH_PATHS = "$(inherited) @executable_path/../Frameworks";
				MACOSX_DEPLOYMENT_TARGET = 10.11;
				PRODUCT_BUNDLE_IDENTIFIER = com.ipermanent.classmaker;
				PRODUCT_NAME = "Request-Class";
				PROVISIONING_PROFILE = "d41f73d6-0ebf-49a8-8efe-232c3d6744ae";
			};
			name = Release;
		};
/* End XCBuildConfiguration section */

/* Begin XCConfigurationList section */
		7E5358B51C48878200429A75 /* Build configuration list for PBXProject "HRJSONModelClassMaker" */ = {
			isa = XCConfigurationList;
			buildConfigurations = (
				7E5358C91C48878200429A75 /* Debug */,
				7E5358CA1C48878200429A75 /* Release */,
			);
			defaultConfigurationIsVisible = 0;
			defaultConfigurationName = Release;
		};
		7E5358CB1C48878200429A75 /* Build configuration list for PBXNativeTarget "HRJSONModelClassMaker" */ = {
			isa = XCConfigurationList;
			buildConfigurations = (
				7E5358CC1C48878200429A75 /* Debug */,
				7E5358CD1C48878200429A75 /* Release */,
			);
			defaultConfigurationIsVisible = 0;
			defaultConfigurationName = Release;
		};
/* End XCConfigurationList section */
	};
	rootObject = 7E5358B21C48878200429A75 /* Project object */;
}
